// !$*UTF8*$!
{
	archiveVersion = 1;
	classes = {
	};
	objectVersion = 51;
	objects = {

/* Begin PBXBuildFile section */
		201E5AB1E829C3B759BDA096 /* Pods_Techcruit.framework in Frameworks */ = {isa = PBXBuildFile; fileRef = F09B3C923F6AA0A6F7150470 /* Pods_Techcruit.framework */; };
		A117F0CC261FC55100E68A5F /* AppDelegate.swift in Sources */ = {isa = PBXBuildFile; fileRef = A117F0CB261FC55100E68A5F /* AppDelegate.swift */; };
		A117F0CE261FC55100E68A5F /* SceneDelegate.swift in Sources */ = {isa = PBXBuildFile; fileRef = A117F0CD261FC55100E68A5F /* SceneDelegate.swift */; };
		A117F0D0261FC55100E68A5F /* ViewController.swift in Sources */ = {isa = PBXBuildFile; fileRef = A117F0CF261FC55100E68A5F /* ViewController.swift */; };
		A117F0D3261FC55100E68A5F /* Main.storyboard in Resources */ = {isa = PBXBuildFile; fileRef = A117F0D1261FC55100E68A5F /* Main.storyboard */; };
		A117F0D5261FC55200E68A5F /* Assets.xcassets in Resources */ = {isa = PBXBuildFile; fileRef = A117F0D4261FC55200E68A5F /* Assets.xcassets */; };
		A117F0D8261FC55200E68A5F /* LaunchScreen.storyboard in Resources */ = {isa = PBXBuildFile; fileRef = A117F0D6261FC55200E68A5F /* LaunchScreen.storyboard */; };
		A117F0E1261FC59800E68A5F /* SignUpViewController.swift in Sources */ = {isa = PBXBuildFile; fileRef = A117F0E0261FC59800E68A5F /* SignUpViewController.swift */; };
		A117F0E4261FC5A300E68A5F /* LoginViewController.swift in Sources */ = {isa = PBXBuildFile; fileRef = A117F0E3261FC5A300E68A5F /* LoginViewController.swift */; };
		A117F0E7261FC5AF00E68A5F /* HomeViewController.swift in Sources */ = {isa = PBXBuildFile; fileRef = A117F0E6261FC5AF00E68A5F /* HomeViewController.swift */; };
		A117F0F2261FEB2F00E68A5F /* Utilities.swift in Sources */ = {isa = PBXBuildFile; fileRef = A117F0F1261FEB2F00E68A5F /* Utilities.swift */; };
		A117F0F6261FF56300E68A5F /* laptop-bg.jpg in Resources */ = {isa = PBXBuildFile; fileRef = A117F0F5261FF56300E68A5F /* laptop-bg.jpg */; };
		A117F10526201CA200E68A5F /* GoogleService-Info.plist in Resources */ = {isa = PBXBuildFile; fileRef = A117F10426201CA200E68A5F /* GoogleService-Info.plist */; };
		A117F12C26203CCA00E68A5F /* Constants.swift in Sources */ = {isa = PBXBuildFile; fileRef = A117F12B26203CCA00E68A5F /* Constants.swift */; };
/* End PBXBuildFile section */

/* Begin PBXFileReference section */
		016A4C909E5B7373A5CD92EC /* Pods-Techcruit.release.xcconfig */ = {isa = PBXFileReference; includeInIndex = 1; lastKnownFileType = text.xcconfig; name = "Pods-Techcruit.release.xcconfig"; path = "Target Support Files/Pods-Techcruit/Pods-Techcruit.release.xcconfig"; sourceTree = "<group>"; };
		2C5417ACD4A761441DDC2354 /* Pods-Techcruit.debug.xcconfig */ = {isa = PBXFileReference; includeInIndex = 1; lastKnownFileType = text.xcconfig; name = "Pods-Techcruit.debug.xcconfig"; path = "Target Support Files/Pods-Techcruit/Pods-Techcruit.debug.xcconfig"; sourceTree = "<group>"; };
		A117F0C8261FC55100E68A5F /* Techcruit.app */ = {isa = PBXFileReference; explicitFileType = wrapper.application; includeInIndex = 0; path = Techcruit.app; sourceTree = BUILT_PRODUCTS_DIR; };
		A117F0CB261FC55100E68A5F /* AppDelegate.swift */ = {isa = PBXFileReference; lastKnownFileType = sourcecode.swift; path = AppDelegate.swift; sourceTree = "<group>"; };
		A117F0CD261FC55100E68A5F /* SceneDelegate.swift */ = {isa = PBXFileReference; lastKnownFileType = sourcecode.swift; path = SceneDelegate.swift; sourceTree = "<group>"; };
		A117F0CF261FC55100E68A5F /* ViewController.swift */ = {isa = PBXFileReference; lastKnownFileType = sourcecode.swift; path = ViewController.swift; sourceTree = "<group>"; };
		A117F0D2261FC55100E68A5F /* Base */ = {isa = PBXFileReference; lastKnownFileType = file.storyboard; name = Base; path = Base.lproj/Main.storyboard; sourceTree = "<group>"; };
		A117F0D4261FC55200E68A5F /* Assets.xcassets */ = {isa = PBXFileReference; lastKnownFileType = folder.assetcatalog; path = Assets.xcassets; sourceTree = "<group>"; };
		A117F0D7261FC55200E68A5F /* Base */ = {isa = PBXFileReference; lastKnownFileType = file.storyboard; name = Base; path = Base.lproj/LaunchScreen.storyboard; sourceTree = "<group>"; };
		A117F0D9261FC55200E68A5F /* Info.plist */ = {isa = PBXFileReference; lastKnownFileType = text.plist.xml; path = Info.plist; sourceTree = "<group>"; };
		A117F0E0261FC59800E68A5F /* SignUpViewController.swift */ = {isa = PBXFileReference; lastKnownFileType = sourcecode.swift; path = SignUpViewController.swift; sourceTree = "<group>"; };
		A117F0E3261FC5A300E68A5F /* LoginViewController.swift */ = {isa = PBXFileReference; lastKnownFileType = sourcecode.swift; path = LoginViewController.swift; sourceTree = "<group>"; };
		A117F0E6261FC5AF00E68A5F /* HomeViewController.swift */ = {isa = PBXFileReference; lastKnownFileType = sourcecode.swift; path = HomeViewController.swift; sourceTree = "<group>"; };
		A117F0F1261FEB2F00E68A5F /* Utilities.swift */ = {isa = PBXFileReference; lastKnownFileType = sourcecode.swift; path = Utilities.swift; sourceTree = "<group>"; };
		A117F0F5261FF56300E68A5F /* laptop-bg.jpg */ = {isa = PBXFileReference; lastKnownFileType = image.jpeg; name = "laptop-bg.jpg"; path = "../../../../../../../Downloads/laptop-bg.jpg"; sourceTree = "<group>"; };
		A117F10426201CA200E68A5F /* GoogleService-Info.plist */ = {isa = PBXFileReference; fileEncoding = 4; lastKnownFileType = text.plist.xml; path = "GoogleService-Info.plist"; sourceTree = "<group>"; };
		A117F12B26203CCA00E68A5F /* Constants.swift */ = {isa = PBXFileReference; lastKnownFileType = sourcecode.swift; path = Constants.swift; sourceTree = "<group>"; };
		F09B3C923F6AA0A6F7150470 /* Pods_Techcruit.framework */ = {isa = PBXFileReference; explicitFileType = wrapper.framework; includeInIndex = 0; path = Pods_Techcruit.framework; sourceTree = BUILT_PRODUCTS_DIR; };
/* End PBXFileReference section */

/* Begin PBXFrameworksBuildPhase section */
		A117F0C5261FC55100E68A5F /* Frameworks */ = {
			isa = PBXFrameworksBuildPhase;
			buildActionMask = 2147483647;
			files = (
				201E5AB1E829C3B759BDA096 /* Pods_Techcruit.framework in Frameworks */,
			);
			runOnlyForDeploymentPostprocessing = 0;
		};
/* End PBXFrameworksBuildPhase section */

/* Begin PBXGroup section */
		31F316A4E4459CEBC498296B /* Pods */ = {
			isa = PBXGroup;
			children = (
				2C5417ACD4A761441DDC2354 /* Pods-Techcruit.debug.xcconfig */,
				016A4C909E5B7373A5CD92EC /* Pods-Techcruit.release.xcconfig */,
			);
			path = Pods;
			sourceTree = "<group>";
		};
		A117F0BF261FC55100E68A5F = {
			isa = PBXGroup;
			children = (
				A117F0CA261FC55100E68A5F /* Techcruit */,
				A117F0C9261FC55100E68A5F /* Products */,
				31F316A4E4459CEBC498296B /* Pods */,
				D069BC606C3AD5D9B717638C /* Frameworks */,
			);
			sourceTree = "<group>";
		};
		A117F0C9261FC55100E68A5F /* Products */ = {
			isa = PBXGroup;
			children = (
				A117F0C8261FC55100E68A5F /* Techcruit.app */,
			);
			name = Products;
			sourceTree = "<group>";
		};
		A117F0CA261FC55100E68A5F /* Techcruit */ = {
			isa = PBXGroup;
			children = (
				A117F0F4261FF54400E68A5F /* Images */,
				A117F0EB261FEAEC00E68A5F /* Helpers */,
				A117F0E9261FC5B300E68A5F /* View Controllers */,
				A117F0CB261FC55100E68A5F /* AppDelegate.swift */,
				A117F0CD261FC55100E68A5F /* SceneDelegate.swift */,
				A117F0D1261FC55100E68A5F /* Main.storyboard */,
				A117F0D4261FC55200E68A5F /* Assets.xcassets */,
				A117F0D6261FC55200E68A5F /* LaunchScreen.storyboard */,
				A117F0D9261FC55200E68A5F /* Info.plist */,
				A117F10426201CA200E68A5F /* GoogleService-Info.plist */,
			);
			path = Techcruit;
			sourceTree = "<group>";
		};
		A117F0E9261FC5B300E68A5F /* View Controllers */ = {
			isa = PBXGroup;
			children = (
				A117F0CF261FC55100E68A5F /* ViewController.swift */,
				A117F0E3261FC5A300E68A5F /* LoginViewController.swift */,
				A117F0E6261FC5AF00E68A5F /* HomeViewController.swift */,
				A117F0E0261FC59800E68A5F /* SignUpViewController.swift */,
			);
			path = "View Controllers";
			sourceTree = "<group>";
		};
		A117F0EB261FEAEC00E68A5F /* Helpers */ = {
			isa = PBXGroup;
			children = (
				A117F0F1261FEB2F00E68A5F /* Utilities.swift */,
				A117F12B26203CCA00E68A5F /* Constants.swift */,
			);
			path = Helpers;
			sourceTree = "<group>";
		};
		A117F0F4261FF54400E68A5F /* Images */ = {
			isa = PBXGroup;
			children = (
				A117F0F5261FF56300E68A5F /* laptop-bg.jpg */,
			);
			path = Images;
			sourceTree = "<group>";
		};
		D069BC606C3AD5D9B717638C /* Frameworks */ = {
			isa = PBXGroup;
			children = (
				F09B3C923F6AA0A6F7150470 /* Pods_Techcruit.framework */,
			);
			name = Frameworks;
			sourceTree = "<group>";
		};
/* End PBXGroup section */

/* Begin PBXNativeTarget section */
		A117F0C7261FC55100E68A5F /* Techcruit */ = {
			isa = PBXNativeTarget;
			buildConfigurationList = A117F0DC261FC55200E68A5F /* Build configuration list for PBXNativeTarget "Techcruit" */;
			buildPhases = (
				CB93007B8DC02879D46387CC /* [CP] Check Pods Manifest.lock */,
				A117F0C4261FC55100E68A5F /* Sources */,
				A117F0C5261FC55100E68A5F /* Frameworks */,
				A117F0C6261FC55100E68A5F /* Resources */,
				8D2739D0CC053DC562B48A7C /* [CP] Embed Pods Frameworks */,
			);
			buildRules = (
			);
			dependencies = (
			);
			name = Techcruit;
			productName = Techcruit;
			productReference = A117F0C8261FC55100E68A5F /* Techcruit.app */;
			productType = "com.apple.product-type.application";
		};
/* End PBXNativeTarget section */

/* Begin PBXProject section */
		A117F0C0261FC55100E68A5F /* Project object */ = {
			isa = PBXProject;
			attributes = {
				LastSwiftUpdateCheck = 1240;
				LastUpgradeCheck = 1240;
				TargetAttributes = {
					A117F0C7261FC55100E68A5F = {
						CreatedOnToolsVersion = 12.4;
					};
				};
			};
			buildConfigurationList = A117F0C3261FC55100E68A5F /* Build configuration list for PBXProject "Techcruit" */;
			compatibilityVersion = "Xcode 9.3";
			developmentRegion = en;
			hasScannedForEncodings = 0;
			knownRegions = (
				en,
				Base,
			);
			mainGroup = A117F0BF261FC55100E68A5F;
			productRefGroup = A117F0C9261FC55100E68A5F /* Products */;
			projectDirPath = "";
			projectRoot = "";
			targets = (
				A117F0C7261FC55100E68A5F /* Techcruit */,
			);
		};
/* End PBXProject section */

/* Begin PBXResourcesBuildPhase section */
		A117F0C6261FC55100E68A5F /* Resources */ = {
			isa = PBXResourcesBuildPhase;
			buildActionMask = 2147483647;
			files = (
				A117F0D8261FC55200E68A5F /* LaunchScreen.storyboard in Resources */,
				A117F0D5261FC55200E68A5F /* Assets.xcassets in Resources */,
				A117F10526201CA200E68A5F /* GoogleService-Info.plist in Resources */,
				A117F0F6261FF56300E68A5F /* laptop-bg.jpg in Resources */,
				A117F0D3261FC55100E68A5F /* Main.storyboard in Resources */,
			);
			runOnlyForDeploymentPostprocessing = 0;
		};
/* End PBXResourcesBuildPhase section */

/* Begin PBXShellScriptBuildPhase section */
		8D2739D0CC053DC562B48A7C /* [CP] Embed Pods Frameworks */ = {
			isa = PBXShellScriptBuildPhase;
			buildActionMask = 2147483647;
			files = (
			);
			inputFileListPaths = (
				"${PODS_ROOT}/Target Support Files/Pods-Techcruit/Pods-Techcruit-frameworks-${CONFIGURATION}-input-files.xcfilelist",
			);
			name = "[CP] Embed Pods Frameworks";
			outputFileListPaths = (
				"${PODS_ROOT}/Target Support Files/Pods-Techcruit/Pods-Techcruit-frameworks-${CONFIGURATION}-output-files.xcfilelist",
			);
			runOnlyForDeploymentPostprocessing = 0;
			shellPath = /bin/sh;
			shellScript = "\"${PODS_ROOT}/Target Support Files/Pods-Techcruit/Pods-Techcruit-frameworks.sh\"\n";
			showEnvVarsInLog = 0;
		};
		CB93007B8DC02879D46387CC /* [CP] Check Pods Manifest.lock */ = {
			isa = PBXShellScriptBuildPhase;
			buildActionMask = 2147483647;
			files = (
			);
			inputFileListPaths = (
			);
			inputPaths = (
				"${PODS_PODFILE_DIR_PATH}/Podfile.lock",
				"${PODS_ROOT}/Manifest.lock",
			);
			name = "[CP] Check Pods Manifest.lock";
			outputFileListPaths = (
			);
			outputPaths = (
				"$(DERIVED_FILE_DIR)/Pods-Techcruit-checkManifestLockResult.txt",
			);
			runOnlyForDeploymentPostprocessing = 0;
			shellPath = /bin/sh;
			shellScript = "diff \"${PODS_PODFILE_DIR_PATH}/Podfile.lock\" \"${PODS_ROOT}/Manifest.lock\" > /dev/null\nif [ $? != 0 ] ; then\n    # print error to STDERR\n    echo \"error: The sandbox is not in sync with the Podfile.lock. Run 'pod install' or update your CocoaPods installation.\" >&2\n    exit 1\nfi\n# This output is used by Xcode 'outputs' to avoid re-running this script phase.\necho \"SUCCESS\" > \"${SCRIPT_OUTPUT_FILE_0}\"\n";
			showEnvVarsInLog = 0;
		};
/* End PBXShellScriptBuildPhase section */

/* Begin PBXSourcesBuildPhase section */
		A117F0C4261FC55100E68A5F /* Sources */ = {
			isa = PBXSourcesBuildPhase;
			buildActionMask = 2147483647;
			files = (
				A117F0D0261FC55100E68A5F /* ViewController.swift in Sources */,
				A117F0CC261FC55100E68A5F /* AppDelegate.swift in Sources */,
				A117F0F2261FEB2F00E68A5F /* Utilities.swift in Sources */,
				A117F0E1261FC59800E68A5F /* SignUpViewController.swift in Sources */,
				A117F0E4261FC5A300E68A5F /* LoginViewController.swift in Sources */,
				A117F0CE261FC55100E68A5F /* SceneDelegate.swift in Sources */,
				A117F0E7261FC5AF00E68A5F /* HomeViewController.swift in Sources */,
				A117F12C26203CCA00E68A5F /* Constants.swift in Sources */,
			);
			runOnlyForDeploymentPostprocessing = 0;
		};
/* End PBXSourcesBuildPhase section */

/* Begin PBXVariantGroup section */
		A117F0D1261FC55100E68A5F /* Main.storyboard */ = {
			isa = PBXVariantGroup;
			children = (
				A117F0D2261FC55100E68A5F /* Base */,
			);
			name = Main.storyboard;
			sourceTree = "<group>";
		};
		A117F0D6261FC55200E68A5F /* LaunchScreen.storyboard */ = {
			isa = PBXVariantGroup;
			children = (
				A117F0D7261FC55200E68A5F /* Base */,
			);
			name = LaunchScreen.storyboard;
			sourceTree = "<group>";
		};
/* End PBXVariantGroup section */

/* Begin XCBuildConfiguration section */
		A117F0DA261FC55200E68A5F /* Debug */ = {
			isa = XCBuildConfiguration;
			buildSettings = {
				ALWAYS_SEARCH_USER_PATHS = NO;
				CLANG_ANALYZER_NONNULL = YES;
				CLANG_ANALYZER_NUMBER_OBJECT_CONVERSION = YES_AGGRESSIVE;
				CLANG_CXX_LANGUAGE_STANDARD = "gnu++14";
				CLANG_CXX_LIBRARY = "libc++";
				CLANG_ENABLE_MODULES = YES;
				CLANG_ENABLE_OBJC_ARC = YES;
				CLANG_ENABLE_OBJC_WEAK = YES;
				CLANG_WARN_BLOCK_CAPTURE_AUTORELEASING = YES;
				CLANG_WARN_BOOL_CONVERSION = YES;
				CLANG_WARN_COMMA = YES;
				CLANG_WARN_CONSTANT_CONVERSION = YES;
				CLANG_WARN_DEPRECATED_OBJC_IMPLEMENTATIONS = YES;
				CLANG_WARN_DIRECT_OBJC_ISA_USAGE = YES_ERROR;
				CLANG_WARN_DOCUMENTATION_COMMENTS = YES;
				CLANG_WARN_EMPTY_BODY = YES;
				CLANG_WARN_ENUM_CONVERSION = YES;
				CLANG_WARN_INFINITE_RECURSION = YES;
				CLANG_WARN_INT_CONVERSION = YES;
				CLANG_WARN_NON_LITERAL_NULL_CONVERSION = YES;
				CLANG_WARN_OBJC_IMPLICIT_RETAIN_SELF = YES;
				CLANG_WARN_OBJC_LITERAL_CONVERSION = YES;
				CLANG_WARN_OBJC_ROOT_CLASS = YES_ERROR;
				CLANG_WARN_QUOTED_INCLUDE_IN_FRAMEWORK_HEADER = YES;
				CLANG_WARN_RANGE_LOOP_ANALYSIS = YES;
				CLANG_WARN_STRICT_PROTOTYPES = YES;
				CLANG_WARN_SUSPICIOUS_MOVE = YES;
				CLANG_WARN_UNGUARDED_AVAILABILITY = YES_AGGRESSIVE;
				CLANG_WARN_UNREACHABLE_CODE = YES;
				CLANG_WARN__DUPLICATE_METHOD_MATCH = YES;
				COPY_PHASE_STRIP = NO;
				DEBUG_INFORMATION_FORMAT = dwarf;
				ENABLE_STRICT_OBJC_MSGSEND = YES;
				ENABLE_TESTABILITY = YES;
				GCC_C_LANGUAGE_STANDARD = gnu11;
				GCC_DYNAMIC_NO_PIC = NO;
				GCC_NO_COMMON_BLOCKS = YES;
				GCC_OPTIMIZATION_LEVEL = 0;
				GCC_PREPROCESSOR_DEFINITIONS = (
					"DEBUG=1",
					"$(inherited)",
				);
				GCC_WARN_64_TO_32_BIT_CONVERSION = YES;
				GCC_WARN_ABOUT_RETURN_TYPE = YES_ERROR;
				GCC_WARN_UNDECLARED_SELECTOR = YES;
				GCC_WARN_UNINITIALIZED_AUTOS = YES_AGGRESSIVE;
				GCC_WARN_UNUSED_FUNCTION = YES;
				GCC_WARN_UNUSED_VARIABLE = YES;
				IPHONEOS_DEPLOYMENT_TARGET = 14.4;
				MTL_ENABLE_DEBUG_INFO = INCLUDE_SOURCE;
				MTL_FAST_MATH = YES;
				ONLY_ACTIVE_ARCH = YES;
				SDKROOT = iphoneos;
				SWIFT_ACTIVE_COMPILATION_CONDITIONS = DEBUG;
				SWIFT_OPTIMIZATION_LEVEL = "-Onone";
			};
			name = Debug;
		};
		A117F0DB261FC55200E68A5F /* Release */ = {
			isa = XCBuildConfiguration;
			buildSettings = {
				ALWAYS_SEARCH_USER_PATHS = NO;
				CLANG_ANALYZER_NONNULL = YES;
				CLANG_ANALYZER_NUMBER_OBJECT_CONVERSION = YES_AGGRESSIVE;
				CLANG_CXX_LANGUAGE_STANDARD = "gnu++14";
				CLANG_CXX_LIBRARY = "libc++";
				CLANG_ENABLE_MODULES = YES;
				CLANG_ENABLE_OBJC_ARC = YES;
				CLANG_ENABLE_OBJC_WEAK = YES;
				CLANG_WARN_BLOCK_CAPTURE_AUTORELEASING = YES;
				CLANG_WARN_BOOL_CONVERSION = YES;
				CLANG_WARN_COMMA = YES;
				CLANG_WARN_CONSTANT_CONVERSION = YES;
				CLANG_WARN_DEPRECATED_OBJC_IMPLEMENTATIONS = YES;
				CLANG_WARN_DIRECT_OBJC_ISA_USAGE = YES_ERROR;
				CLANG_WARN_DOCUMENTATION_COMMENTS = YES;
				CLANG_WARN_EMPTY_BODY = YES;
				CLANG_WARN_ENUM_CONVERSION = YES;
				CLANG_WARN_INFINITE_RECURSION = YES;
				CLANG_WARN_INT_CONVERSION = YES;
				CLANG_WARN_NON_LITERAL_NULL_CONVERSION = YES;
				CLANG_WARN_OBJC_IMPLICIT_RETAIN_SELF = YES;
				CLANG_WARN_OBJC_LITERAL_CONVERSION = YES;
				CLANG_WARN_OBJC_ROOT_CLASS = YES_ERROR;
				CLANG_WARN_QUOTED_INCLUDE_IN_FRAMEWORK_HEADER = YES;
				CLANG_WARN_RANGE_LOOP_ANALYSIS = YES;
				CLANG_WARN_STRICT_PROTOTYPES = YES;
				CLANG_WARN_SUSPICIOUS_MOVE = YES;
				CLANG_WARN_UNGUARDED_AVAILABILITY = YES_AGGRESSIVE;
				CLANG_WARN_UNREACHABLE_CODE = YES;
				CLANG_WARN__DUPLICATE_METHOD_MATCH = YES;
				COPY_PHASE_STRIP = NO;
				DEBUG_INFORMATION_FORMAT = "dwarf-with-dsym";
				ENABLE_NS_ASSERTIONS = NO;
				ENABLE_STRICT_OBJC_MSGSEND = YES;
				GCC_C_LANGUAGE_STANDARD = gnu11;
				GCC_NO_COMMON_BLOCKS = YES;
				GCC_WARN_64_TO_32_BIT_CONVERSION = YES;
				GCC_WARN_ABOUT_RETURN_TYPE = YES_ERROR;
				GCC_WARN_UNDECLARED_SELECTOR = YES;
				GCC_WARN_UNINITIALIZED_AUTOS = YES_AGGRESSIVE;
				GCC_WARN_UNUSED_FUNCTION = YES;
				GCC_WARN_UNUSED_VARIABLE = YES;
				IPHONEOS_DEPLOYMENT_TARGET = 14.4;
				MTL_ENABLE_DEBUG_INFO = NO;
				MTL_FAST_MATH = YES;
				SDKROOT = iphoneos;
				SWIFT_COMPILATION_MODE = wholemodule;
				SWIFT_OPTIMIZATION_LEVEL = "-O";
				VALIDATE_PRODUCT = YES;
			};
			name = Release;
		};
		A117F0DD261FC55200E68A5F /* Debug */ = {
			isa = XCBuildConfiguration;
			baseConfigurationReference = 2C5417ACD4A761441DDC2354 /* Pods-Techcruit.debug.xcconfig */;
			buildSettings = {
				ASSETCATALOG_COMPILER_APPICON_NAME = AppIcon;
				ASSETCATALOG_COMPILER_GLOBAL_ACCENT_COLOR_NAME = AccentColor;
				CODE_SIGN_STYLE = Automatic;
				DEVELOPMENT_TEAM = ACB32DQHQU;
				INFOPLIST_FILE = Techcruit/Info.plist;
				LD_RUNPATH_SEARCH_PATHS = (
					"$(inherited)",
					"@executable_path/Frameworks",
				);
				PRODUCT_BUNDLE_IDENTIFIER = com.Techcruit.Techcruit;
				PRODUCT_NAME = "$(TARGET_NAME)";
				SWIFT_VERSION = 5.0;
				TARGETED_DEVICE_FAMILY = 1;
			};
			name = Debug;
		};
		A117F0DE261FC55200E68A5F /* Release */ = {
			isa = XCBuildConfiguration;
			baseConfigurationReference = 016A4C909E5B7373A5CD92EC /* Pods-Techcruit.release.xcconfig */;
			buildSettings = {
				ASSETCATALOG_COMPILER_APPICON_NAME = AppIcon;
				ASSETCATALOG_COMPILER_GLOBAL_ACCENT_COLOR_NAME = AccentColor;
				CODE_SIGN_STYLE = Automatic;
				DEVELOPMENT_TEAM = ACB32DQHQU;
				INFOPLIST_FILE = Techcruit/Info.plist;
				LD_RUNPATH_SEARCH_PATHS = (
					"$(inherited)",
					"@executable_path/Frameworks",
				);
				PRODUCT_BUNDLE_IDENTIFIER = com.Techcruit.Techcruit;
				PRODUCT_NAME = "$(TARGET_NAME)";
				SWIFT_VERSION = 5.0;
				TARGETED_DEVICE_FAMILY = 1;
			};
			name = Release;
		};
/* End XCBuildConfiguration section */

/* Begin XCConfigurationList section */
		A117F0C3261FC55100E68A5F /* Build configuration list for PBXProject "Techcruit" */ = {
			isa = XCConfigurationList;
			buildConfigurations = (
				A117F0DA261FC55200E68A5F /* Debug */,
				A117F0DB261FC55200E68A5F /* Release */,
			);
			defaultConfigurationIsVisible = 0;
			defaultConfigurationName = Release;
		};
		A117F0DC261FC55200E68A5F /* Build configuration list for PBXNativeTarget "Techcruit" */ = {
			isa = XCConfigurationList;
			buildConfigurations = (
				A117F0DD261FC55200E68A5F /* Debug */,
				A117F0DE261FC55200E68A5F /* Release */,
			);
			defaultConfigurationIsVisible = 0;
			defaultConfigurationName = Release;
		};
/* End XCConfigurationList section */
	};
	rootObject = A117F0C0261FC55100E68A5F /* Project object */;
}
